
Microsoft Visual Studio Solution File, Format Version 12.00
# Visual Studio 15
VisualStudioVersion = 15.0.28307.271
MinimumVisualStudioVersion = 10.0.40219.1
Project("{9A19103F-16F7-4668-BE54-9A1E7A4F7556}") = "aop", "aop.csproj", "{7174BA6D-A153-4D69-894C-656E02E8E8CC}"
EndProject
Global
	GlobalSection(SolutionConfigurationPlatforms) = preSolution
		Debug|Any CPU = Debug|Any CPU
		Release|Any CPU = Release|Any CPU
	EndGlobalSection
	GlobalSection(ProjectConfigurationPlatforms) = postSolution
		{7174BA6D-A153-4D69-894C-656E02E8E8CC}.Debug|Any CPU.ActiveCfg = Debug|Any CPU
		{7174BA6D-A153-4D69-894C-656E02E8E8CC}.Debug|Any CPU.Build.0 = Debug|Any CPU
		{7174BA6D-A153-4D69-894C-656E02E8E8CC}.Release|Any CPU.ActiveCfg = Release|Any CPU
		{7174BA6D-A153-4D69-894C-656E02E8E8CC}.Release|Any CPU.Build.0 = Release|Any CPU
	EndGlobalSection
	GlobalSection(SolutionProperties) = preSolution
		HideSolutionNode = FALSE
	EndGlobalSection
	GlobalSection(ExtensibilityGlobals) = postSolution
		SolutionGuid = {1FDC4E24-693E-478E-9E18-2B3081692293}
	EndGlobalSection
EndGlobal
